
Microsoft Visual Studio Solution File, Format Version 12.00
# Visual Studio Version 17
VisualStudioVersion = 17.0.32112.339
MinimumVisualStudioVersion = 10.0.40219.1
Project("{2150E333-8FDC-42A3-9474-1A3956D46DE8}") = "AltMath", "AltMath", "{02D9E290-FBA6-42C2-BC8D-84FA43CDC6E2}"
EndProject
Project("{2150E333-8FDC-42A3-9474-1A3956D46DE8}") = "CoordinatesFormatter", "CoordinatesFormatter", "{F9EEDF89-20A7-4700-A181-2ED415566798}"
EndProject
Project("{9A19103F-16F7-4668-BE54-9A1E7A4F7556}") = "CoordinatesFormatter", "CoordinatesFormatter\CoordinatesFormatter.csproj", "{DC9ECDA5-40B0-4B50-AA16-BD7B08C5AC20}"
EndProject
Project("{9A19103F-16F7-4668-BE54-9A1E7A4F7556}") = "AltMath", "AltMath\AltMath.csproj", "{E17FBF0B-73E4-449E-B17E-19F91434398C}"
EndProject
Project("{2150E333-8FDC-42A3-9474-1A3956D46DE8}") = "Triangle", "Triangle", "{9CFF9352-DC55-4871-8C32-C47524676A66}"
EndProject
Project("{9A19103F-16F7-4668-BE54-9A1E7A4F7556}") = "Triangle", "Triangle\Triangle\Triangle.csproj", "{EE24D794-69BC-4C5F-A218-3D81A1A04562}"
EndProject
Project("{9A19103F-16F7-4668-BE54-9A1E7A4F7556}") = "Triangle.Tests", "Triangle\Triangle.Tests\Triangle.Tests.csproj", "{8053E6EF-A223-43F3-B3D6-F9E03E25F9E5}"
EndProject
Project("{2150E333-8FDC-42A3-9474-1A3956D46DE8}") = "Vector", "Vector", "{7730B24E-3CDA-4EF1-9005-626798B6F70E}"
EndProject
Project("{9A19103F-16F7-4668-BE54-9A1E7A4F7556}") = "Vector", "Vector\Vector\Vector.csproj", "{331E2821-139A-4FD2-82C5-CC4EF9F3703F}"
EndProject
Project("{9A19103F-16F7-4668-BE54-9A1E7A4F7556}") = "Vector.Tests", "Vector\Vector.Tests\Vector.Tests.csproj", "{5CCD4495-4F2D-4C50-917D-62EA985A55F3}"
EndProject
Project("{2150E333-8FDC-42A3-9474-1A3956D46DE8}") = "Polynomial", "Polynomial", "{AB443385-550A-4759-AF78-0ED9846FA2C4}"
EndProject
Project("{9A19103F-16F7-4668-BE54-9A1E7A4F7556}") = "Polynomial", "Polynomial\Polynomial\Polynomial.csproj", "{9FDCCEE9-87C0-45E8-B364-2D4E338DBFB3}"
EndProject
Project("{9A19103F-16F7-4668-BE54-9A1E7A4F7556}") = "Polynomial.Tests", "Polynomial\Polynomial.Tests\Polynomial.Tests.csproj", "{F1FD58C7-B9E0-49AC-A698-21905198B377}"
EndProject
Project("{2150E333-8FDC-42A3-9474-1A3956D46DE8}") = "ProgramConverter", "ProgramConverter", "{CFCDB0DC-9390-406F-BCAA-6F13F7B3E339}"
EndProject
Project("{9A19103F-16F7-4668-BE54-9A1E7A4F7556}") = "ProgramConverterTask", "ProgramConverter\ProgramConverterTask\ProgramConverterTask.csproj", "{FB062ADF-4934-4B2C-A9F1-4C2AFD59F371}"
EndProject
Global
	GlobalSection(SolutionConfigurationPlatforms) = preSolution
		Debug|Any CPU = Debug|Any CPU
		Release|Any CPU = Release|Any CPU
	EndGlobalSection
	GlobalSection(ProjectConfigurationPlatforms) = postSolution
		{DC9ECDA5-40B0-4B50-AA16-BD7B08C5AC20}.Debug|Any CPU.ActiveCfg = Debug|Any CPU
		{DC9ECDA5-40B0-4B50-AA16-BD7B08C5AC20}.Debug|Any CPU.Build.0 = Debug|Any CPU
		{DC9ECDA5-40B0-4B50-AA16-BD7B08C5AC20}.Release|Any CPU.ActiveCfg = Release|Any CPU
		{DC9ECDA5-40B0-4B50-AA16-BD7B08C5AC20}.Release|Any CPU.Build.0 = Release|Any CPU
		{E17FBF0B-73E4-449E-B17E-19F91434398C}.Debug|Any CPU.ActiveCfg = Debug|Any CPU
		{E17FBF0B-73E4-449E-B17E-19F91434398C}.Debug|Any CPU.Build.0 = Debug|Any CPU
		{E17FBF0B-73E4-449E-B17E-19F91434398C}.Release|Any CPU.ActiveCfg = Release|Any CPU
		{E17FBF0B-73E4-449E-B17E-19F91434398C}.Release|Any CPU.Build.0 = Release|Any CPU
		{EE24D794-69BC-4C5F-A218-3D81A1A04562}.Debug|Any CPU.ActiveCfg = Debug|Any CPU
		{EE24D794-69BC-4C5F-A218-3D81A1A04562}.Debug|Any CPU.Build.0 = Debug|Any CPU
		{EE24D794-69BC-4C5F-A218-3D81A1A04562}.Release|Any CPU.ActiveCfg = Release|Any CPU
		{EE24D794-69BC-4C5F-A218-3D81A1A04562}.Release|Any CPU.Build.0 = Release|Any CPU
		{8053E6EF-A223-43F3-B3D6-F9E03E25F9E5}.Debug|Any CPU.ActiveCfg = Debug|Any CPU
		{8053E6EF-A223-43F3-B3D6-F9E03E25F9E5}.Debug|Any CPU.Build.0 = Debug|Any CPU
		{8053E6EF-A223-43F3-B3D6-F9E03E25F9E5}.Release|Any CPU.ActiveCfg = Release|Any CPU
		{8053E6EF-A223-43F3-B3D6-F9E03E25F9E5}.Release|Any CPU.Build.0 = Release|Any CPU
		{331E2821-139A-4FD2-82C5-CC4EF9F3703F}.Debug|Any CPU.ActiveCfg = Debug|Any CPU
		{331E2821-139A-4FD2-82C5-CC4EF9F3703F}.Debug|Any CPU.Build.0 = Debug|Any CPU
		{331E2821-139A-4FD2-82C5-CC4EF9F3703F}.Release|Any CPU.ActiveCfg = Release|Any CPU
		{331E2821-139A-4FD2-82C5-CC4EF9F3703F}.Release|Any CPU.Build.0 = Release|Any CPU
		{5CCD4495-4F2D-4C50-917D-62EA985A55F3}.Debug|Any CPU.ActiveCfg = Debug|Any CPU
		{5CCD4495-4F2D-4C50-917D-62EA985A55F3}.Debug|Any CPU.Build.0 = Debug|Any CPU
		{5CCD4495-4F2D-4C50-917D-62EA985A55F3}.Release|Any CPU.ActiveCfg = Release|Any CPU
		{5CCD4495-4F2D-4C50-917D-62EA985A55F3}.Release|Any CPU.Build.0 = Release|Any CPU
		{9FDCCEE9-87C0-45E8-B364-2D4E338DBFB3}.Debug|Any CPU.ActiveCfg = Debug|Any CPU
		{9FDCCEE9-87C0-45E8-B364-2D4E338DBFB3}.Debug|Any CPU.Build.0 = Debug|Any CPU
		{9FDCCEE9-87C0-45E8-B364-2D4E338DBFB3}.Release|Any CPU.ActiveCfg = Release|Any CPU
		{9FDCCEE9-87C0-45E8-B364-2D4E338DBFB3}.Release|Any CPU.Build.0 = Release|Any CPU
		{F1FD58C7-B9E0-49AC-A698-21905198B377}.Debug|Any CPU.ActiveCfg = Debug|Any CPU
		{F1FD58C7-B9E0-49AC-A698-21905198B377}.Debug|Any CPU.Build.0 = Debug|Any CPU
		{F1FD58C7-B9E0-49AC-A698-21905198B377}.Release|Any CPU.ActiveCfg = Release|Any CPU
		{F1FD58C7-B9E0-49AC-A698-21905198B377}.Release|Any CPU.Build.0 = Release|Any CPU
		{FB062ADF-4934-4B2C-A9F1-4C2AFD59F371}.Debug|Any CPU.ActiveCfg = Debug|Any CPU
		{FB062ADF-4934-4B2C-A9F1-4C2AFD59F371}.Debug|Any CPU.Build.0 = Debug|Any CPU
		{FB062ADF-4934-4B2C-A9F1-4C2AFD59F371}.Release|Any CPU.ActiveCfg = Release|Any CPU
		{FB062ADF-4934-4B2C-A9F1-4C2AFD59F371}.Release|Any CPU.Build.0 = Release|Any CPU
	EndGlobalSection
	GlobalSection(SolutionProperties) = preSolution
		HideSolutionNode = FALSE
	EndGlobalSection
	GlobalSection(NestedProjects) = preSolution
		{DC9ECDA5-40B0-4B50-AA16-BD7B08C5AC20} = {F9EEDF89-20A7-4700-A181-2ED415566798}
		{E17FBF0B-73E4-449E-B17E-19F91434398C} = {02D9E290-FBA6-42C2-BC8D-84FA43CDC6E2}
		{EE24D794-69BC-4C5F-A218-3D81A1A04562} = {9CFF9352-DC55-4871-8C32-C47524676A66}
		{8053E6EF-A223-43F3-B3D6-F9E03E25F9E5} = {9CFF9352-DC55-4871-8C32-C47524676A66}
		{331E2821-139A-4FD2-82C5-CC4EF9F3703F} = {7730B24E-3CDA-4EF1-9005-626798B6F70E}
		{5CCD4495-4F2D-4C50-917D-62EA985A55F3} = {7730B24E-3CDA-4EF1-9005-626798B6F70E}
		{9FDCCEE9-87C0-45E8-B364-2D4E338DBFB3} = {AB443385-550A-4759-AF78-0ED9846FA2C4}
		{F1FD58C7-B9E0-49AC-A698-21905198B377} = {AB443385-550A-4759-AF78-0ED9846FA2C4}
		{FB062ADF-4934-4B2C-A9F1-4C2AFD59F371} = {CFCDB0DC-9390-406F-BCAA-6F13F7B3E339}
	EndGlobalSection
	GlobalSection(ExtensibilityGlobals) = postSolution
		SolutionGuid = {B5193302-3921-4BFA-B286-9E05A7BF283F}
	EndGlobalSection
EndGlobal
