
Microsoft Visual Studio Solution File, Format Version 12.00
# Visual Studio Version 17
VisualStudioVersion = 17.0.32112.339
MinimumVisualStudioVersion = 10.0.40219.1
Project("{2150E333-8FDC-42A3-9474-1A3956D46DE8}") = "AltMath", "AltMath", "{02D9E290-FBA6-42C2-BC8D-84FA43CDC6E2}"
EndProject
Project("{2150E333-8FDC-42A3-9474-1A3956D46DE8}") = "CoordinatesFormatter", "CoordinatesFormatter", "{F9EEDF89-20A7-4700-A181-2ED415566798}"
EndProject
Project("{9A19103F-16F7-4668-BE54-9A1E7A4F7556}") = "CoordinatesFormatter", "CoordinatesFormatter\CoordinatesFormatter.csproj", "{DC9ECDA5-40B0-4B50-AA16-BD7B08C5AC20}"
EndProject
Project("{9A19103F-16F7-4668-BE54-9A1E7A4F7556}") = "AltMath", "AltMath\AltMath.csproj", "{E17FBF0B-73E4-449E-B17E-19F91434398C}"
EndProject
Project("{2150E333-8FDC-42A3-9474-1A3956D46DE8}") = "Triangle", "Triangle", "{9CFF9352-DC55-4871-8C32-C47524676A66}"
EndProject
Project("{9A19103F-16F7-4668-BE54-9A1E7A4F7556}") = "Triangle", "Triangle\Triangle\Triangle.csproj", "{EE24D794-69BC-4C5F-A218-3D81A1A04562}"
EndProject
Project("{9A19103F-16F7-4668-BE54-9A1E7A4F7556}") = "Triangle.Tests", "Triangle\Triangle.Tests\Triangle.Tests.csproj", "{8053E6EF-A223-43F3-B3D6-F9E03E25F9E5}"
EndProject
Project("{2150E333-8FDC-42A3-9474-1A3956D46DE8}") = "Vector", "Vector", "{7730B24E-3CDA-4EF1-9005-626798B6F70E}"
EndProject
Project("{9A19103F-16F7-4668-BE54-9A1E7A4F7556}") = "Vector", "Vector\Vector\Vector.csproj", "{331E2821-139A-4FD2-82C5-CC4EF9F3703F}"
EndProject
Project("{9A19103F-16F7-4668-BE54-9A1E7A4F7556}") = "Vector.Tests", "Vector\Vector.Tests\Vector.Tests.csproj", "{5CCD4495-4F2D-4C50-917D-62EA985A55F3}"
EndProject
Project("{2150E333-8FDC-42A3-9474-1A3956D46DE8}") = "Polynomial", "Polynomial", "{AB443385-550A-4759-AF78-0ED9846FA2C4}"
EndProject
Project("{9A19103F-16F7-4668-BE54-9A1E7A4F7556}") = "Polynomial", "Polynomial\Polynomial\Polynomial.csproj", "{9FDCCEE9-87C0-45E8-B364-2D4E338DBFB3}"
EndProject
Project("{9A19103F-16F7-4668-BE54-9A1E7A4F7556}") = "Polynomial.Tests", "Polynomial\Polynomial.Tests\Polynomial.Tests.csproj", "{F1FD58C7-B9E0-49AC-A698-21905198B377}"
EndProject
Project("{2150E333-8FDC-42A3-9474-1A3956D46DE8}") = "ProgramConverter", "ProgramConverter", "{CFCDB0DC-9390-406F-BCAA-6F13F7B3E339}"
EndProject
Project("{9A19103F-16F7-4668-BE54-9A1E7A4F7556}") = "ProgramConverterTask", "ProgramConverter\ProgramConverterTask\ProgramConverterTask.csproj", "{FB062ADF-4934-4B2C-A9F1-4C2AFD59F371}"
EndProject
Project("{2150E333-8FDC-42A3-9474-1A3956D46DE8}") = "TrackingStream", "TrackingStream", "{5A69D7B0-7D9A-4563-A400-04B4FC8A7B6F}"
EndProject
Project("{9A19103F-16F7-4668-BE54-9A1E7A4F7556}") = "TrackingStreamConsole", "TrackingStream\TrackingStreamConsole\TrackingStreamConsole.csproj", "{5FCEBD5D-948A-4B41-8DB0-9D3710E33E34}"
EndProject
Project("{2150E333-8FDC-42A3-9474-1A3956D46DE8}") = "ProtectedStream", "ProtectedStream", "{03F20123-FEE0-4614-A85D-60A0FF416947}"
EndProject
Project("{9A19103F-16F7-4668-BE54-9A1E7A4F7556}") = "ProtectedStream", "ProtectedStream\ProtectedStream\ProtectedStream.csproj", "{8B32D03B-2370-4BE5-B8CC-C9C24594EB47}"
EndProject
Project("{2150E333-8FDC-42A3-9474-1A3956D46DE8}") = "Matrix", "Matrix", "{A3C5C8D1-3D1D-450C-AFBF-8F9CEDFC0C91}"
EndProject
Project("{9A19103F-16F7-4668-BE54-9A1E7A4F7556}") = "Matrix", "Matrix\Matrix\Matrix.csproj", "{9B3885A2-3427-4F31-AA2C-B404833D5487}"
EndProject
Project("{9A19103F-16F7-4668-BE54-9A1E7A4F7556}") = "Matrix.Tests", "Matrix\Matrix.Tests\Matrix.Tests.csproj", "{5678C8C5-373C-4069-A5FB-7905F6B0FBD0}"
EndProject
Project("{2150E333-8FDC-42A3-9474-1A3956D46DE8}") = "TextProcessor", "TextProcessor", "{45AC2331-8446-4D93-A0FE-BDDE62E7AFB6}"
EndProject
Project("{9A19103F-16F7-4668-BE54-9A1E7A4F7556}") = "TextProcessor", "TextProcessor\TextProcessor\TextProcessor.csproj", "{55A4ABDD-1547-46EF-A26D-D8D269227E86}"
EndProject
Project("{2150E333-8FDC-42A3-9474-1A3956D46DE8}") = "Countdown", "Countdown", "{E71302A6-8937-44AF-BC73-3248EE6E215E}"
EndProject
Project("{9A19103F-16F7-4668-BE54-9A1E7A4F7556}") = "Countdown", "Countdown\Countdown\Countdown.csproj", "{3E978F0D-AA4E-4996-B6DE-72D3BCAFF5DF}"
EndProject
Project("{2150E333-8FDC-42A3-9474-1A3956D46DE8}") = "BinaryTree", "BinaryTree", "{11BB13D7-B8DC-4D4C-A052-463E1C8B89CE}"
EndProject
Project("{9A19103F-16F7-4668-BE54-9A1E7A4F7556}") = "BinaryTree", "BinaryTree\BinaryTree\BinaryTree.csproj", "{2316482E-A1E3-4B51-BEFC-7931149F7A19}"
EndProject
Global
	GlobalSection(SolutionConfigurationPlatforms) = preSolution
		Debug|Any CPU = Debug|Any CPU
		Release|Any CPU = Release|Any CPU
	EndGlobalSection
	GlobalSection(ProjectConfigurationPlatforms) = postSolution
		{DC9ECDA5-40B0-4B50-AA16-BD7B08C5AC20}.Debug|Any CPU.ActiveCfg = Debug|Any CPU
		{DC9ECDA5-40B0-4B50-AA16-BD7B08C5AC20}.Debug|Any CPU.Build.0 = Debug|Any CPU
		{DC9ECDA5-40B0-4B50-AA16-BD7B08C5AC20}.Release|Any CPU.ActiveCfg = Release|Any CPU
		{DC9ECDA5-40B0-4B50-AA16-BD7B08C5AC20}.Release|Any CPU.Build.0 = Release|Any CPU
		{E17FBF0B-73E4-449E-B17E-19F91434398C}.Debug|Any CPU.ActiveCfg = Debug|Any CPU
		{E17FBF0B-73E4-449E-B17E-19F91434398C}.Debug|Any CPU.Build.0 = Debug|Any CPU
		{E17FBF0B-73E4-449E-B17E-19F91434398C}.Release|Any CPU.ActiveCfg = Release|Any CPU
		{E17FBF0B-73E4-449E-B17E-19F91434398C}.Release|Any CPU.Build.0 = Release|Any CPU
		{EE24D794-69BC-4C5F-A218-3D81A1A04562}.Debug|Any CPU.ActiveCfg = Debug|Any CPU
		{EE24D794-69BC-4C5F-A218-3D81A1A04562}.Debug|Any CPU.Build.0 = Debug|Any CPU
		{EE24D794-69BC-4C5F-A218-3D81A1A04562}.Release|Any CPU.ActiveCfg = Release|Any CPU
		{EE24D794-69BC-4C5F-A218-3D81A1A04562}.Release|Any CPU.Build.0 = Release|Any CPU
		{8053E6EF-A223-43F3-B3D6-F9E03E25F9E5}.Debug|Any CPU.ActiveCfg = Debug|Any CPU
		{8053E6EF-A223-43F3-B3D6-F9E03E25F9E5}.Debug|Any CPU.Build.0 = Debug|Any CPU
		{8053E6EF-A223-43F3-B3D6-F9E03E25F9E5}.Release|Any CPU.ActiveCfg = Release|Any CPU
		{8053E6EF-A223-43F3-B3D6-F9E03E25F9E5}.Release|Any CPU.Build.0 = Release|Any CPU
		{331E2821-139A-4FD2-82C5-CC4EF9F3703F}.Debug|Any CPU.ActiveCfg = Debug|Any CPU
		{331E2821-139A-4FD2-82C5-CC4EF9F3703F}.Debug|Any CPU.Build.0 = Debug|Any CPU
		{331E2821-139A-4FD2-82C5-CC4EF9F3703F}.Release|Any CPU.ActiveCfg = Release|Any CPU
		{331E2821-139A-4FD2-82C5-CC4EF9F3703F}.Release|Any CPU.Build.0 = Release|Any CPU
		{5CCD4495-4F2D-4C50-917D-62EA985A55F3}.Debug|Any CPU.ActiveCfg = Debug|Any CPU
		{5CCD4495-4F2D-4C50-917D-62EA985A55F3}.Debug|Any CPU.Build.0 = Debug|Any CPU
		{5CCD4495-4F2D-4C50-917D-62EA985A55F3}.Release|Any CPU.ActiveCfg = Release|Any CPU
		{5CCD4495-4F2D-4C50-917D-62EA985A55F3}.Release|Any CPU.Build.0 = Release|Any CPU
		{9FDCCEE9-87C0-45E8-B364-2D4E338DBFB3}.Debug|Any CPU.ActiveCfg = Debug|Any CPU
		{9FDCCEE9-87C0-45E8-B364-2D4E338DBFB3}.Debug|Any CPU.Build.0 = Debug|Any CPU
		{9FDCCEE9-87C0-45E8-B364-2D4E338DBFB3}.Release|Any CPU.ActiveCfg = Release|Any CPU
		{9FDCCEE9-87C0-45E8-B364-2D4E338DBFB3}.Release|Any CPU.Build.0 = Release|Any CPU
		{F1FD58C7-B9E0-49AC-A698-21905198B377}.Debug|Any CPU.ActiveCfg = Debug|Any CPU
		{F1FD58C7-B9E0-49AC-A698-21905198B377}.Debug|Any CPU.Build.0 = Debug|Any CPU
		{F1FD58C7-B9E0-49AC-A698-21905198B377}.Release|Any CPU.ActiveCfg = Release|Any CPU
		{F1FD58C7-B9E0-49AC-A698-21905198B377}.Release|Any CPU.Build.0 = Release|Any CPU
		{FB062ADF-4934-4B2C-A9F1-4C2AFD59F371}.Debug|Any CPU.ActiveCfg = Debug|Any CPU
		{FB062ADF-4934-4B2C-A9F1-4C2AFD59F371}.Debug|Any CPU.Build.0 = Debug|Any CPU
		{FB062ADF-4934-4B2C-A9F1-4C2AFD59F371}.Release|Any CPU.ActiveCfg = Release|Any CPU
		{FB062ADF-4934-4B2C-A9F1-4C2AFD59F371}.Release|Any CPU.Build.0 = Release|Any CPU
		{5FCEBD5D-948A-4B41-8DB0-9D3710E33E34}.Debug|Any CPU.ActiveCfg = Debug|Any CPU
		{5FCEBD5D-948A-4B41-8DB0-9D3710E33E34}.Debug|Any CPU.Build.0 = Debug|Any CPU
		{5FCEBD5D-948A-4B41-8DB0-9D3710E33E34}.Release|Any CPU.ActiveCfg = Release|Any CPU
		{5FCEBD5D-948A-4B41-8DB0-9D3710E33E34}.Release|Any CPU.Build.0 = Release|Any CPU
		{8B32D03B-2370-4BE5-B8CC-C9C24594EB47}.Debug|Any CPU.ActiveCfg = Debug|Any CPU
		{8B32D03B-2370-4BE5-B8CC-C9C24594EB47}.Debug|Any CPU.Build.0 = Debug|Any CPU
		{8B32D03B-2370-4BE5-B8CC-C9C24594EB47}.Release|Any CPU.ActiveCfg = Release|Any CPU
		{8B32D03B-2370-4BE5-B8CC-C9C24594EB47}.Release|Any CPU.Build.0 = Release|Any CPU
		{9B3885A2-3427-4F31-AA2C-B404833D5487}.Debug|Any CPU.ActiveCfg = Debug|Any CPU
		{9B3885A2-3427-4F31-AA2C-B404833D5487}.Debug|Any CPU.Build.0 = Debug|Any CPU
		{9B3885A2-3427-4F31-AA2C-B404833D5487}.Release|Any CPU.ActiveCfg = Release|Any CPU
		{9B3885A2-3427-4F31-AA2C-B404833D5487}.Release|Any CPU.Build.0 = Release|Any CPU
		{5678C8C5-373C-4069-A5FB-7905F6B0FBD0}.Debug|Any CPU.ActiveCfg = Debug|Any CPU
		{5678C8C5-373C-4069-A5FB-7905F6B0FBD0}.Debug|Any CPU.Build.0 = Debug|Any CPU
		{5678C8C5-373C-4069-A5FB-7905F6B0FBD0}.Release|Any CPU.ActiveCfg = Release|Any CPU
		{5678C8C5-373C-4069-A5FB-7905F6B0FBD0}.Release|Any CPU.Build.0 = Release|Any CPU
		{55A4ABDD-1547-46EF-A26D-D8D269227E86}.Debug|Any CPU.ActiveCfg = Debug|Any CPU
		{55A4ABDD-1547-46EF-A26D-D8D269227E86}.Debug|Any CPU.Build.0 = Debug|Any CPU
		{55A4ABDD-1547-46EF-A26D-D8D269227E86}.Release|Any CPU.ActiveCfg = Release|Any CPU
		{55A4ABDD-1547-46EF-A26D-D8D269227E86}.Release|Any CPU.Build.0 = Release|Any CPU
		{3E978F0D-AA4E-4996-B6DE-72D3BCAFF5DF}.Debug|Any CPU.ActiveCfg = Debug|Any CPU
		{3E978F0D-AA4E-4996-B6DE-72D3BCAFF5DF}.Debug|Any CPU.Build.0 = Debug|Any CPU
		{3E978F0D-AA4E-4996-B6DE-72D3BCAFF5DF}.Release|Any CPU.ActiveCfg = Release|Any CPU
		{3E978F0D-AA4E-4996-B6DE-72D3BCAFF5DF}.Release|Any CPU.Build.0 = Release|Any CPU
		{2316482E-A1E3-4B51-BEFC-7931149F7A19}.Debug|Any CPU.ActiveCfg = Debug|Any CPU
		{2316482E-A1E3-4B51-BEFC-7931149F7A19}.Debug|Any CPU.Build.0 = Debug|Any CPU
		{2316482E-A1E3-4B51-BEFC-7931149F7A19}.Release|Any CPU.ActiveCfg = Release|Any CPU
		{2316482E-A1E3-4B51-BEFC-7931149F7A19}.Release|Any CPU.Build.0 = Release|Any CPU
	EndGlobalSection
	GlobalSection(SolutionProperties) = preSolution
		HideSolutionNode = FALSE
	EndGlobalSection
	GlobalSection(NestedProjects) = preSolution
		{DC9ECDA5-40B0-4B50-AA16-BD7B08C5AC20} = {F9EEDF89-20A7-4700-A181-2ED415566798}
		{E17FBF0B-73E4-449E-B17E-19F91434398C} = {02D9E290-FBA6-42C2-BC8D-84FA43CDC6E2}
		{EE24D794-69BC-4C5F-A218-3D81A1A04562} = {9CFF9352-DC55-4871-8C32-C47524676A66}
		{8053E6EF-A223-43F3-B3D6-F9E03E25F9E5} = {9CFF9352-DC55-4871-8C32-C47524676A66}
		{331E2821-139A-4FD2-82C5-CC4EF9F3703F} = {7730B24E-3CDA-4EF1-9005-626798B6F70E}
		{5CCD4495-4F2D-4C50-917D-62EA985A55F3} = {7730B24E-3CDA-4EF1-9005-626798B6F70E}
		{9FDCCEE9-87C0-45E8-B364-2D4E338DBFB3} = {AB443385-550A-4759-AF78-0ED9846FA2C4}
		{F1FD58C7-B9E0-49AC-A698-21905198B377} = {AB443385-550A-4759-AF78-0ED9846FA2C4}
		{FB062ADF-4934-4B2C-A9F1-4C2AFD59F371} = {CFCDB0DC-9390-406F-BCAA-6F13F7B3E339}
		{5FCEBD5D-948A-4B41-8DB0-9D3710E33E34} = {5A69D7B0-7D9A-4563-A400-04B4FC8A7B6F}
		{8B32D03B-2370-4BE5-B8CC-C9C24594EB47} = {03F20123-FEE0-4614-A85D-60A0FF416947}
		{9B3885A2-3427-4F31-AA2C-B404833D5487} = {A3C5C8D1-3D1D-450C-AFBF-8F9CEDFC0C91}
		{5678C8C5-373C-4069-A5FB-7905F6B0FBD0} = {A3C5C8D1-3D1D-450C-AFBF-8F9CEDFC0C91}
		{55A4ABDD-1547-46EF-A26D-D8D269227E86} = {45AC2331-8446-4D93-A0FE-BDDE62E7AFB6}
		{3E978F0D-AA4E-4996-B6DE-72D3BCAFF5DF} = {E71302A6-8937-44AF-BC73-3248EE6E215E}
		{2316482E-A1E3-4B51-BEFC-7931149F7A19} = {11BB13D7-B8DC-4D4C-A052-463E1C8B89CE}
	EndGlobalSection
	GlobalSection(ExtensibilityGlobals) = postSolution
		SolutionGuid = {B5193302-3921-4BFA-B286-9E05A7BF283F}
	EndGlobalSection
EndGlobal
