
Microsoft Visual Studio Solution File, Format Version 12.00
# Visual Studio Version 16
VisualStudioVersion = 16.0.31729.503
MinimumVisualStudioVersion = 10.0.40219.1
Project("{FAE04EC0-301F-11D3-BF4B-00C04F79EFBC}") = "CoordinatesFormatter", "CoordinatesFormatter.csproj", "{9C0FF254-2D84-49D9-931E-81C3F0DA3675}"
EndProject
Global
	GlobalSection(SolutionConfigurationPlatforms) = preSolution
		Debug|Any CPU = Debug|Any CPU
		Release|Any CPU = Release|Any CPU
	EndGlobalSection
	GlobalSection(ProjectConfigurationPlatforms) = postSolution
		{9C0FF254-2D84-49D9-931E-81C3F0DA3675}.Debug|Any CPU.ActiveCfg = Debug|Any CPU
		{9C0FF254-2D84-49D9-931E-81C3F0DA3675}.Debug|Any CPU.Build.0 = Debug|Any CPU
		{9C0FF254-2D84-49D9-931E-81C3F0DA3675}.Release|Any CPU.ActiveCfg = Release|Any CPU
		{9C0FF254-2D84-49D9-931E-81C3F0DA3675}.Release|Any CPU.Build.0 = Release|Any CPU
	EndGlobalSection
	GlobalSection(SolutionProperties) = preSolution
		HideSolutionNode = FALSE
	EndGlobalSection
	GlobalSection(ExtensibilityGlobals) = postSolution
		SolutionGuid = {CC9316DD-E136-415C-8DD0-AB6D7A0F4DE0}
	EndGlobalSection
EndGlobal
