
Microsoft Visual Studio Solution File, Format Version 12.00
# Visual Studio Version 16
VisualStudioVersion = 16.0.31729.503
MinimumVisualStudioVersion = 10.0.40219.1
Project("{FAE04EC0-301F-11D3-BF4B-00C04F79EFBC}") = "GreatestCommonDivisor", "GreatestCommonDivisor\GreatestCommonDivisor.csproj", "{87E5B446-AD36-4AD4-84B9-0CFC0EAD887B}"
EndProject
Project("{FAE04EC0-301F-11D3-BF4B-00C04F79EFBC}") = "GreatestCommonDivisor.Tests", "GreatestCommonDivisor.Tests\GreatestCommonDivisor.Tests.csproj", "{3EC921F0-9433-44B2-B70C-2792FB7F1100}"
EndProject
Global
	GlobalSection(SolutionConfigurationPlatforms) = preSolution
		Debug|Any CPU = Debug|Any CPU
		Release|Any CPU = Release|Any CPU
	EndGlobalSection
	GlobalSection(ProjectConfigurationPlatforms) = postSolution
		{87E5B446-AD36-4AD4-84B9-0CFC0EAD887B}.Debug|Any CPU.ActiveCfg = Debug|Any CPU
		{87E5B446-AD36-4AD4-84B9-0CFC0EAD887B}.Debug|Any CPU.Build.0 = Debug|Any CPU
		{87E5B446-AD36-4AD4-84B9-0CFC0EAD887B}.Release|Any CPU.ActiveCfg = Release|Any CPU
		{87E5B446-AD36-4AD4-84B9-0CFC0EAD887B}.Release|Any CPU.Build.0 = Release|Any CPU
		{3EC921F0-9433-44B2-B70C-2792FB7F1100}.Debug|Any CPU.ActiveCfg = Debug|Any CPU
		{3EC921F0-9433-44B2-B70C-2792FB7F1100}.Debug|Any CPU.Build.0 = Debug|Any CPU
		{3EC921F0-9433-44B2-B70C-2792FB7F1100}.Release|Any CPU.ActiveCfg = Release|Any CPU
		{3EC921F0-9433-44B2-B70C-2792FB7F1100}.Release|Any CPU.Build.0 = Release|Any CPU
	EndGlobalSection
	GlobalSection(SolutionProperties) = preSolution
		HideSolutionNode = FALSE
	EndGlobalSection
	GlobalSection(ExtensibilityGlobals) = postSolution
		SolutionGuid = {DEFE4A54-17FF-478F-B1CF-478CC4B74246}
	EndGlobalSection
EndGlobal
